<?xml version="1.0" encoding="utf-8"?>
<Project ToolsVersion="4.0" xmlns="http://schemas.microsoft.com/developer/msbuild/2003">
  <ItemGroup>
    <Filter Include="소스 파일">
      <UniqueIdentifier>{4FC737F1-C7A5-4376-A066-2A32D752A2FF}</UniqueIdentifier>
      <Extensions>cpp;c;cc;cxx;c++;cppm;ixx;def;odl;idl;hpj;bat;asm;asmx</Extensions>
    </Filter>
    <Filter Include="헤더 파일">
      <UniqueIdentifier>{93995380-89BD-4b04-88EB-625FBE52EBFB}</UniqueIdentifier>
      <Extensions>h;hh;hpp;hxx;h++;hm;inl;inc;ipp;xsd</Extensions>
    </Filter>
    <Filter Include="리소스 파일">
      <UniqueIdentifier>{67DA6AB6-F800-4c08-8B7A-83BB121AAD01}</UniqueIdentifier>
      <Extensions>rc;ico;cur;bmp;dlg;rc2;rct;bin;rgs;gif;jpg;jpeg;jpe;resx;tiff;tif;png;wav;mfcribbon-ms</Extensions>
    </Filter>
  </ItemGroup>
  <ItemGroup>
    <FxCompile Include="Shaders\SpritePS.hlsl" />
    <FxCompile Include="Shaders\SpriteVS.hlsl" />
    <FxCompile Include="ThirdParty\DirectXTK\Src\Shaders\AlphaTestEffect.fx" />
    <FxCompile Include="ThirdParty\DirectXTK\Src\Shaders\BasicEffect.fx" />
    <FxCompile Include="ThirdParty\DirectXTK\Src\Shaders\DebugEffect.fx" />
    <FxCompile Include="ThirdParty\DirectXTK\Src\Shaders\DGSLEffect.fx" />
    <FxCompile Include="ThirdParty\DirectXTK\Src\Shaders\DGSLLambert.hlsl" />
    <FxCompile Include="ThirdParty\DirectXTK\Src\Shaders\DGSLPhong.hlsl" />
    <FxCompile Include="ThirdParty\DirectXTK\Src\Shaders\DGSLUnlit.hlsl" />
    <FxCompile Include="ThirdParty\DirectXTK\Src\Shaders\DualTextureEffect.fx" />
    <FxCompile Include="ThirdParty\DirectXTK\Src\Shaders\EnvironmentMapEffect.fx" />
    <FxCompile Include="ThirdParty\DirectXTK\Src\Shaders\NormalMapEffect.fx" />
    <FxCompile Include="ThirdParty\DirectXTK\Src\Shaders\PBREffect.fx" />
    <FxCompile Include="ThirdParty\DirectXTK\Src\Shaders\PostProcess.fx" />
    <FxCompile Include="ThirdParty\DirectXTK\Src\Shaders\SkinnedEffect.fx" />
    <FxCompile Include="ThirdParty\DirectXTK\Src\Shaders\SpriteEffect.fx" />
    <FxCompile Include="ThirdParty\DirectXTK\Src\Shaders\ToneMap.fx" />
  </ItemGroup>
  <ItemGroup>
    <ClInclude Include="Include\Engine\Core\Engine.h">
      <Filter>헤더 파일</Filter>
    </ClInclude>
    <ClInclude Include="Include\Engine\Graphics\ConstantBuffer\SpriteConstantBuffer.h">
      <Filter>헤더 파일</Filter>
    </ClInclude>
    <ClInclude Include="Include\Engine\Graphics\Mesh\Mesh.h">
      <Filter>헤더 파일</Filter>
    </ClInclude>
    <ClInclude Include="Include\Engine\Graphics\PSO\GraphicsPSO.h">
      <Filter>헤더 파일</Filter>
    </ClInclude>
    <ClInclude Include="Include\Engine\Resource\Resource.h">
      <Filter>헤더 파일</Filter>
    </ClInclude>
    <ClInclude Include="Include\Engine\Resource\ResourceManager.h">
      <Filter>헤더 파일</Filter>
    </ClInclude>
    <ClInclude Include="Source\Engine\PCH\EnginePCH.h">
      <Filter>헤더 파일</Filter>
    </ClInclude>
    <ClInclude Include="ThirdParty\DirectXTK\Inc\Audio.h">
      <Filter>헤더 파일</Filter>
    </ClInclude>
    <ClInclude Include="ThirdParty\DirectXTK\Inc\BufferHelpers.h">
      <Filter>헤더 파일</Filter>
    </ClInclude>
    <ClInclude Include="ThirdParty\DirectXTK\Inc\CommonStates.h">
      <Filter>헤더 파일</Filter>
    </ClInclude>
    <ClInclude Include="ThirdParty\DirectXTK\Inc\DDSTextureLoader.h">
      <Filter>헤더 파일</Filter>
    </ClInclude>
    <ClInclude Include="ThirdParty\DirectXTK\Inc\DirectXHelpers.h">
      <Filter>헤더 파일</Filter>
    </ClInclude>
    <ClInclude Include="ThirdParty\DirectXTK\Inc\Effects.h">
      <Filter>헤더 파일</Filter>
    </ClInclude>
    <ClInclude Include="ThirdParty\DirectXTK\Inc\GamePad.h">
      <Filter>헤더 파일</Filter>
    </ClInclude>
    <ClInclude Include="ThirdParty\DirectXTK\Inc\GeometricPrimitive.h">
      <Filter>헤더 파일</Filter>
    </ClInclude>
    <ClInclude Include="ThirdParty\DirectXTK\Inc\GraphicsMemory.h">
      <Filter>헤더 파일</Filter>
    </ClInclude>
    <ClInclude Include="ThirdParty\DirectXTK\Inc\Keyboard.h">
      <Filter>헤더 파일</Filter>
    </ClInclude>
    <ClInclude Include="ThirdParty\DirectXTK\Inc\Model.h">
      <Filter>헤더 파일</Filter>
    </ClInclude>
    <ClInclude Include="ThirdParty\DirectXTK\Inc\Mouse.h">
      <Filter>헤더 파일</Filter>
    </ClInclude>
    <ClInclude Include="ThirdParty\DirectXTK\Inc\PostProcess.h">
      <Filter>헤더 파일</Filter>
    </ClInclude>
    <ClInclude Include="ThirdParty\DirectXTK\Inc\PrimitiveBatch.h">
      <Filter>헤더 파일</Filter>
    </ClInclude>
    <ClInclude Include="ThirdParty\DirectXTK\Inc\ScreenGrab.h">
      <Filter>헤더 파일</Filter>
    </ClInclude>
    <ClInclude Include="ThirdParty\DirectXTK\Inc\SimpleMath.h">
      <Filter>헤더 파일</Filter>
    </ClInclude>
    <ClInclude Include="ThirdParty\DirectXTK\Inc\SpriteBatch.h">
      <Filter>헤더 파일</Filter>
    </ClInclude>
    <ClInclude Include="ThirdParty\DirectXTK\Inc\SpriteFont.h">
      <Filter>헤더 파일</Filter>
    </ClInclude>
    <ClInclude Include="ThirdParty\DirectXTK\Inc\VertexTypes.h">
      <Filter>헤더 파일</Filter>
    </ClInclude>
    <ClInclude Include="ThirdParty\DirectXTK\Inc\WICTextureLoader.h">
      <Filter>헤더 파일</Filter>
    </ClInclude>
    <ClInclude Include="ThirdParty\DirectXTK\Inc\XboxDDSTextureLoader.h">
      <Filter>헤더 파일</Filter>
    </ClInclude>
    <ClInclude Include="ThirdParty\DirectXTK\Src\pch.h">
      <Filter>헤더 파일</Filter>
    </ClInclude>
    <ClInclude Include="ThirdParty\DirectXTK\Src\DDS.h">
      <Filter>헤더 파일</Filter>
    </ClInclude>
    <ClInclude Include="ThirdParty\DirectXTK\Src\PlatformHelpers.h">
      <Filter>헤더 파일</Filter>
    </ClInclude>
    <ClInclude Include="Include\Engine\Graphics\Render\DrawCommand.h">
      <Filter>헤더 파일</Filter>
    </ClInclude>
    <ClInclude Include="Include\Engine\Graphics\Render\CommandBuffer.h">
      <Filter>헤더 파일</Filter>
    </ClInclude>
    <ClInclude Include="Include\Engine\Resource\ResourceType.h">
      <Filter>헤더 파일</Filter>
    </ClInclude>
    <ClInclude Include="Include\Engine\Core\World\World.h">
      <Filter>헤더 파일</Filter>
    </ClInclude>
    <ClInclude Include="Include\Engine\Core\World\Level.h">
      <Filter>헤더 파일</Filter>
    </ClInclude>
    <ClInclude Include="Include\Engine\Core\World\Actor.h">
      <Filter>헤더 파일</Filter>
    </ClInclude>
    <ClInclude Include="Include\Engine\Core\Component\ActorComponent.h">
      <Filter>헤더 파일</Filter>
    </ClInclude>
    <ClInclude Include="Include\Engine\Core\Component\SpriteRendererComponent.h">
      <Filter>헤더 파일</Filter>
    </ClInclude>
    <ClInclude Include="Include\Engine\Core\Component\SceneComponent.h">
      <Filter>헤더 파일</Filter>
    </ClInclude>
    <ClInclude Include="Include\Engine\Core\Component\CameraComponent.h">
      <Filter>헤더 파일</Filter>
    </ClInclude>
    <ClInclude Include="Include\Engine\Core\Component\RendererComponent.h">
      <Filter>헤더 파일</Filter>
    </ClInclude>
    <ClInclude Include="Include\Engine\System\InputManager.h">
      <Filter>헤더 파일</Filter>
    </ClInclude>
    <ClInclude Include="Include\Engine\System\TimeManager.h">
      <Filter>헤더 파일</Filter>
    </ClInclude>
    <ClInclude Include="Include\Engine\Core\Component\CameraComponent2D.h">
      <Filter>헤더 파일</Filter>
    </ClInclude>
    <ClInclude Include="ThirdParty\DirectXTK\Src\AlignedNew.h">
      <Filter>헤더 파일</Filter>
    </ClInclude>
    <ClInclude Include="ThirdParty\DirectXTK\Src\SharedResourcePool.h">
      <Filter>헤더 파일</Filter>
    </ClInclude>
    <ClInclude Include="Include\Engine\Core\Component\TextRendererComponent.h">
      <Filter>헤더 파일</Filter>
    </ClInclude>
    <ClInclude Include="Include\Engine\Core\World\UIActor.h">
      <Filter>헤더 파일</Filter>
    </ClInclude>
    <ClInclude Include="Include\Engine\Core\GameFramework\GameState.h">
      <Filter>헤더 파일</Filter>
    </ClInclude>
    <ClInclude Include="Include\Engine\Graphics\Render\SpritePivot.h">
      <Filter>헤더 파일</Filter>
    </ClInclude>
    <ClInclude Include="Include\Engine\Core\Component\SpriteAnimatorComponent.h">
      <Filter>헤더 파일</Filter>
    </ClInclude>
    <ClInclude Include="Source\Engine\Graphics\Animation\SpriteAnimationClip.h">
      <Filter>헤더 파일</Filter>
    </ClInclude>
    <ClInclude Include="Include\Engine\Graphics\Animation\SpriteAnimationClip.h">
      <Filter>헤더 파일</Filter>
    </ClInclude>
    <ClInclude Include="Include\Engine\Core\Component\FAttachmentTransformRules.h">
      <Filter>헤더 파일</Filter>
    </ClInclude>
    <ClInclude Include="Include\Engine\Resource\Texture\TextureColorSpace.h">
      <Filter>헤더 파일</Filter>
    </ClInclude>
    <ClInclude Include="Include\Engine\Core\Log\LogLevel.h">
      <Filter>헤더 파일</Filter>
    </ClInclude>
    <ClInclude Include="Include\Engine\Core\Log\LogCategory.h">
      <Filter>헤더 파일</Filter>
    </ClInclude>
    <ClInclude Include="Include\Engine\Core\Log\LogCategories.h">
      <Filter>헤더 파일</Filter>
    </ClInclude>
    <ClInclude Include="Include\Engine\Core\Log\LogSystem.h">
      <Filter>헤더 파일</Filter>
    </ClInclude>
    <ClInclude Include="Include\Engine\Core\Log\LogMacros.h">
      <Filter>헤더 파일</Filter>
    </ClInclude>
    <ClInclude Include="Include\Engine\Core\Assert.h">
      <Filter>헤더 파일</Filter>
    </ClInclude>
    <ClInclude Include="Include\Engine\EngineMinimal.h">
      <Filter>헤더 파일</Filter>
    </ClInclude>
    <ClInclude Include="Source\Engine\PCH\GraphicsPCH.h">
      <Filter>헤더 파일</Filter>
    </ClInclude>
    <ClInclude Include="Include\Engine\Core\Utils\StringUtils.h">
      <Filter>헤더 파일</Filter>
    </ClInclude>
    <ClInclude Include="Include\Engine\Graphics\Renderer\RenderDevice.h">
      <Filter>헤더 파일</Filter>
    </ClInclude>
    <ClInclude Include="Include\Engine\Graphics\Mesh\MeshManager.h">
      <Filter>헤더 파일</Filter>
    </ClInclude>
    <ClInclude Include="Include\Engine\Graphics\PSO\GraphicsPSOManager.h">
      <Filter>헤더 파일</Filter>
    </ClInclude>
    <ClInclude Include="Include\Engine\Graphics\Render\Renderer.h">
      <Filter>헤더 파일</Filter>
    </ClInclude>
    <ClInclude Include="Include\Engine\Graphics\Material\Material.h">
      <Filter>헤더 파일</Filter>
    </ClInclude>
    <ClInclude Include="Include\Engine\Graphics\Material\MaterialManager.h">
      <Filter>헤더 파일</Filter>
    </ClInclude>
    <ClInclude Include="Include\Engine\Graphics\PSO\GraphicsPSODesc.h">
      <Filter>헤더 파일</Filter>
    </ClInclude>
    <ClInclude Include="Include\Engine\Graphics\Shader\ShaderManager.h">
      <Filter>헤더 파일</Filter>
    </ClInclude>
    <ClInclude Include="Include\Engine\Graphics\Utils\D3D11RectUtils.h">
      <Filter>헤더 파일</Filter>
    </ClInclude>
    <ClInclude Include="Include\Engine\Platform\Windows\Win32RectUtils.h">
      <Filter>헤더 파일</Filter>
    </ClInclude>
    <ClInclude Include="Include\Engine\Graphics\Shader\ShaderID.h">
      <Filter>헤더 파일</Filter>
    </ClInclude>
    <ClInclude Include="Include\Engine\Graphics\Material\MaterialInstance.h">
      <Filter>헤더 파일</Filter>
    </ClInclude>
    <ClInclude Include="Include\Engine\Graphics\Shader\VertexShader.h">
      <Filter>헤더 파일</Filter>
    </ClInclude>
    <ClInclude Include="Include\Engine\Graphics\Shader\PixelShader.h">
      <Filter>헤더 파일</Filter>
    </ClInclude>
    <ClInclude Include="Include\Engine\Graphics\Buffer\ConstantBuffer.h">
      <Filter>헤더 파일</Filter>
    </ClInclude>
    <ClInclude Include="Include\Engine\Graphics\Render\RenderQueue.h">
      <Filter>헤더 파일</Filter>
    </ClInclude>
    <ClInclude Include="Include\Engine\Graphics\Render\RenderSystem.h">
      <Filter>헤더 파일</Filter>
    </ClInclude>
    <ClInclude Include="Include\Engine\Graphics\Subsystem\GraphicsSubsystem.h">
      <Filter>헤더 파일</Filter>
    </ClInclude>
    <ClInclude Include="Include\Engine\Graphics\Buffer\ConstantBufferUsage.h">
      <Filter>헤더 파일</Filter>
    </ClInclude>
    <ClInclude Include="Include\Engine\Resource\ResourceLoadContext.h">
      <Filter>헤더 파일</Filter>
    </ClInclude>
    <ClInclude Include="Include\Engine\Resource\Texture\TextureDesc.h">
      <Filter>헤더 파일</Filter>
    </ClInclude>
    <ClInclude Include="Include\Engine\Resource\Texture\TextureResource.h">
      <Filter>헤더 파일</Filter>
    </ClInclude>
    <ClInclude Include="Include\Engine\Resource\Texture\TextureLoaderDX11.h">
      <Filter>헤더 파일</Filter>
    </ClInclude>
    <ClInclude Include="Include\Engine\Resource\Texture\TextureBuilder.h">
      <Filter>헤더 파일</Filter>
    </ClInclude>
    <ClInclude Include="Include\Engine\Graphics\Render\RenderDefaults.h">
      <Filter>헤더 파일</Filter>
    </ClInclude>
    <ClInclude Include="Include\Engine\Graphics\PSO\PipelineStateLibrary.h">
      <Filter>헤더 파일</Filter>
    </ClInclude>
    <ClInclude Include="Include\Engine\Graphics\Sampler\SamplerID.h">
      <Filter>헤더 파일</Filter>
    </ClInclude>
    <ClInclude Include="Include\Engine\Graphics\Sampler\SamplerDesc.h">
      <Filter>헤더 파일</Filter>
    </ClInclude>
    <ClInclude Include="Include\Engine\Graphics\Sampler\SamplerManager.h">
      <Filter>헤더 파일</Filter>
    </ClInclude>
    <ClInclude Include="Include\Engine\Graphics\PSO\PipelineID.h">
      <Filter>헤더 파일</Filter>
    </ClInclude>
    <ClInclude Include="Include\Engine\Graphics\Shader\SpriteShaderSlots.h">
      <Filter>헤더 파일</Filter>
    </ClInclude>
    <ClInclude Include="Include\Engine\Graphics\PSO\BuiltinPipelineIDs.h">
      <Filter>헤더 파일</Filter>
    </ClInclude>
    <ClInclude Include="Include\Engine\Core\Time\TimeSystem.h">
      <Filter>헤더 파일</Filter>
    </ClInclude>
    <ClInclude Include="Include\Engine\Platform\Platform.h">
      <Filter>헤더 파일</Filter>
    </ClInclude>
    <ClInclude Include="Include\Engine\Platform\Input\InputSystem.h">
      <Filter>헤더 파일</Filter>
    </ClInclude>
    <ClInclude Include="Include\Engine\Platform\Windows\Window.h">
      <Filter>헤더 파일</Filter>
    </ClInclude>
    <ClInclude Include="Include\Engine\Platform\Windows\WindowsWindow.h">
      <Filter>헤더 파일</Filter>
    </ClInclude>
    <ClInclude Include="Include\Engine\Platform\Window\Window.h">
      <Filter>헤더 파일</Filter>
    </ClInclude>
    <ClInclude Include="Include\Engine\Platform\Window\WindowDesc.h">
      <Filter>헤더 파일</Filter>
    </ClInclude>
    <ClInclude Include="Include\Engine\Platform\Windows\WindowsPlatform.h">
      <Filter>헤더 파일</Filter>
    </ClInclude>
    <ClInclude Include="Include\Engine\Platform\Input\InputCodes.h">
      <Filter>헤더 파일</Filter>
    </ClInclude>
    <ClInclude Include="Include\Engine\Platform\Windows\WindowsInput.h">
      <Filter>헤더 파일</Filter>
    </ClInclude>
    <ClInclude Include="Include\Engine\Core\GameFramework\PlayerController.h">
      <Filter>헤더 파일</Filter>
    </ClInclude>
    <ClInclude Include="Include\Engine\Core\GameFramework\Pawn.h">
      <Filter>헤더 파일</Filter>
    </ClInclude>
    <ClInclude Include="Include\Engine\Core\World\LevelTypes.h">
      <Filter>헤더 파일</Filter>
    </ClInclude>
    <ClInclude Include="Include\Engine\Core\World\PersistentLevel.h">
      <Filter>헤더 파일</Filter>
    </ClInclude>
    <ClInclude Include="Include\Engine\Core\World\GameplayLevel.h">
      <Filter>헤더 파일</Filter>
    </ClInclude>
    <ClInclude Include="Include\Engine\Core\World\CameraActor.h">
      <Filter>헤더 파일</Filter>
    </ClInclude>
    <ClInclude Include="Include\Engine\Core\GameFramework\GameModeBase.h">
      <Filter>헤더 파일</Filter>
    </ClInclude>
    <ClInclude Include="Include\Engine\Core\GameFramework\SinglePlayerGameMode.h">
      <Filter>헤더 파일</Filter>
    </ClInclude>
    <ClInclude Include="Include\Engine\Core\GameFramework\PlayerState.h">
      <Filter>헤더 파일</Filter>
    </ClInclude>
  </ItemGroup>
  <ItemGroup>
    <ClCompile Include="Source\Engine\Core\Engine.cpp">
      <Filter>소스 파일</Filter>
    </ClCompile>
    <ClCompile Include="Source\Engine\PCH\EnginePCH.cpp">
      <Filter>소스 파일</Filter>
    </ClCompile>
    <ClCompile Include="Source\Engine\Graphics\Mesh\Mesh.cpp">
      <Filter>소스 파일</Filter>
    </ClCompile>
    <ClCompile Include="Source\Engine\Graphics\PSO\GraphicsPSO.cpp">
      <Filter>소스 파일</Filter>
    </ClCompile>
    <ClCompile Include="Source\Engine\Resource\ResourceManager.cpp">
      <Filter>소스 파일</Filter>
    </ClCompile>
    <ClCompile Include="ThirdParty\DirectXTK\Src\Mouse.cpp">
      <Filter>소스 파일</Filter>
    </ClCompile>
    <ClCompile Include="ThirdParty\DirectXTK\Src\pch.cpp">
      <Filter>소스 파일</Filter>
    </ClCompile>
    <ClCompile Include="ThirdParty\DirectXTK\Src\SimpleMath.cpp">
      <Filter>소스 파일</Filter>
    </ClCompile>
    <ClCompile Include="ThirdParty\DirectXTK\Src\DDSTextureLoader.cpp">
      <Filter>소스 파일</Filter>
    </ClCompile>
    <ClCompile Include="ThirdParty\DirectXTK\Src\DirectXHelpers.cpp">
      <Filter>소스 파일</Filter>
    </ClCompile>
    <ClCompile Include="Source\Engine\Graphics\Render\DrawCommand.cpp">
      <Filter>소스 파일</Filter>
    </ClCompile>
    <ClCompile Include="Source\Engine\Graphics\Render\CommandBuffer.cpp">
      <Filter>소스 파일</Filter>
    </ClCompile>
    <ClCompile Include="Source\Engine\Resource\Resource.cpp">
      <Filter>소스 파일</Filter>
    </ClCompile>
    <ClCompile Include="ThirdParty\DirectXTK\Src\WICTextureLoader.cpp">
      <Filter>소스 파일</Filter>
    </ClCompile>
    <ClCompile Include="Source\Engine\Core\World\World.cpp">
      <Filter>소스 파일</Filter>
    </ClCompile>
    <ClCompile Include="Source\Engine\Core\World\Level.cpp">
      <Filter>소스 파일</Filter>
    </ClCompile>
    <ClCompile Include="Source\Engine\Core\World\Actor.cpp">
      <Filter>소스 파일</Filter>
    </ClCompile>
    <ClCompile Include="Source\Engine\Core\Component\ActorComponent.cpp">
      <Filter>소스 파일</Filter>
    </ClCompile>
    <ClCompile Include="Source\Engine\Core\Component\SpriteRendererComponent.cpp">
      <Filter>소스 파일</Filter>
    </ClCompile>
    <ClCompile Include="Source\Engine\Core\Component\SceneComponent.cpp">
      <Filter>소스 파일</Filter>
    </ClCompile>
    <ClCompile Include="Source\Engine\Core\Component\CameraComponent.cpp">
      <Filter>소스 파일</Filter>
    </ClCompile>
    <ClCompile Include="Source\Engine\Core\Component\RendererComponent.cpp">
      <Filter>소스 파일</Filter>
    </ClCompile>
    <ClCompile Include="Source\Engine\System\InputManager.cpp">
      <Filter>소스 파일</Filter>
    </ClCompile>
    <ClCompile Include="Source\Engine\System\TimeManager.cpp">
      <Filter>소스 파일</Filter>
    </ClCompile>
    <ClCompile Include="Source\Engine\Core\Component\CameraComponent2D.cpp">
      <Filter>소스 파일</Filter>
    </ClCompile>
    <ClCompile Include="ThirdParty\DirectXTK\Src\SpriteBatch.cpp">
      <Filter>소스 파일</Filter>
    </ClCompile>
    <ClCompile Include="ThirdParty\DirectXTK\Src\SpriteFont.cpp">
      <Filter>소스 파일</Filter>
    </ClCompile>
    <ClCompile Include="Source\Engine\Core\Component\TextRendererComponent.cpp">
      <Filter>소스 파일</Filter>
    </ClCompile>
    <ClCompile Include="Source\Engine\Core\World\UIActor.cpp">
      <Filter>소스 파일</Filter>
    </ClCompile>
    <ClCompile Include="Source\Engine\Core\GameFramework\GameState.cpp">
      <Filter>소스 파일</Filter>
    </ClCompile>
    <ClCompile Include="Source\Engine\Core\Component\SpriteAnimatorComponent.cpp">
      <Filter>소스 파일</Filter>
    </ClCompile>
    <ClCompile Include="Source\Engine\Core\Component\FAttachmentTransformRules.cpp">
      <Filter>소스 파일</Filter>
    </ClCompile>
    <ClCompile Include="Source\Engine\Core\Log\LogSystem.cpp">
      <Filter>소스 파일</Filter>
    </ClCompile>
    <ClCompile Include="Source\Engine\Core\Utils\StringUtils.cpp">
      <Filter>소스 파일</Filter>
    </ClCompile>
    <ClCompile Include="Source\Engine\Graphics\Renderer\RenderDevice.cpp">
      <Filter>소스 파일</Filter>
    </ClCompile>
    <ClCompile Include="Source\Engine\Graphics\PSO\GraphicsPSOManager.cpp">
      <Filter>소스 파일</Filter>
    </ClCompile>
    <ClCompile Include="Source\Engine\Graphics\Mesh\MeshManager.cpp">
      <Filter>소스 파일</Filter>
    </ClCompile>
    <ClCompile Include="Source\Engine\Graphics\Render\Renderer.cpp">
      <Filter>소스 파일</Filter>
    </ClCompile>
    <ClCompile Include="Source\Engine\PCH\GraphicsPCH.cpp">
      <Filter>소스 파일</Filter>
    </ClCompile>
    <ClCompile Include="Source\Engine\Graphics\Material\Material.cpp">
      <Filter>소스 파일</Filter>
    </ClCompile>
    <ClCompile Include="Source\Engine\Graphics\Material\MaterialManager.cpp">
      <Filter>소스 파일</Filter>
    </ClCompile>
    <ClCompile Include="Source\Engine\Graphics\Shader\ShaderManager.cpp">
      <Filter>소스 파일</Filter>
    </ClCompile>
    <ClCompile Include="Source\Engine\Graphics\Material\MaterialInstance.cpp">
      <Filter>소스 파일</Filter>
    </ClCompile>
    <ClCompile Include="Source\Engine\Graphics\Shader\VertexShader.cpp">
      <Filter>소스 파일</Filter>
    </ClCompile>
    <ClCompile Include="Source\Engine\Graphics\Shader\PixelShader.cpp">
      <Filter>소스 파일</Filter>
    </ClCompile>
    <ClCompile Include="Source\Engine\Graphics\PSO\GraphicsPSODesc.cpp">
      <Filter>소스 파일</Filter>
    </ClCompile>
    <ClCompile Include="Source\Engine\Graphics\Buffer\ConstantBuffer.cpp">
      <Filter>소스 파일</Filter>
    </ClCompile>
    <ClCompile Include="Source\Engine\Graphics\Render\RenderQueue.cpp">
      <Filter>소스 파일</Filter>
    </ClCompile>
    <ClCompile Include="Source\Engine\Graphics\Render\RenderSystem.cpp">
      <Filter>소스 파일</Filter>
    </ClCompile>
    <ClCompile Include="Source\Engine\Graphics\Subsystem\GraphicsSubsystem.cpp">
      <Filter>소스 파일</Filter>
    </ClCompile>
    <ClCompile Include="Source\Engine\Resource\Texture\TextureLoaderDX11.cpp">
      <Filter>소스 파일</Filter>
    </ClCompile>
    <ClCompile Include="Source\Engine\Resource\Texture\TextureResource.cpp">
      <Filter>소스 파일</Filter>
    </ClCompile>
    <ClCompile Include="Source\Engine\Graphics\Render\RenderDefaults.cpp">
      <Filter>소스 파일</Filter>
    </ClCompile>
    <ClCompile Include="Source\Engine\Graphics\PSO\PipelineStateLibrary.cpp">
      <Filter>소스 파일</Filter>
    </ClCompile>
    <ClCompile Include="Source\Engine\Graphics\Sampler\SamplerManager.cpp">
      <Filter>소스 파일</Filter>
    </ClCompile>
    <ClCompile Include="Source\Engine\Core\Time\TimeSystem.cpp">
      <Filter>소스 파일</Filter>
    </ClCompile>
    <ClCompile Include="Source\Engine\Platform\Windows\WindowsPlatform.cpp">
      <Filter>소스 파일</Filter>
    </ClCompile>
    <ClCompile Include="Source\Engine\Platform\Windows\WindowsWindow.cpp">
      <Filter>소스 파일</Filter>
    </ClCompile>
    <ClCompile Include="Source\Engine\Platform\Input\WindowsInput.cpp">
      <Filter>소스 파일</Filter>
    </ClCompile>
    <ClCompile Include="Source\Engine\Platform\Input\InputSystem.cpp">
      <Filter>소스 파일</Filter>
    </ClCompile>
    <ClCompile Include="Source\Engine\Core\GameFramework\PlayerController.cpp">
      <Filter>소스 파일</Filter>
    </ClCompile>
    <ClCompile Include="Source\Engine\Core\GameFramework\Pawn.cpp">
      <Filter>소스 파일</Filter>
    </ClCompile>
    <ClCompile Include="Source\Engine\Core\World\CameraActor.cpp">
      <Filter>소스 파일</Filter>
    </ClCompile>
    <ClCompile Include="Source\Engine\Core\GameFramework\GameModeBase.cpp">
      <Filter>소스 파일</Filter>
    </ClCompile>
    <ClCompile Include="Source\Engine\Core\GameFramework\SinglePlayerGameMode.cpp">
      <Filter>소스 파일</Filter>
    </ClCompile>
    <ClCompile Include="Source\Engine\Core\GameFramework\PlayerState.cpp">
      <Filter>소스 파일</Filter>
    </ClCompile>
  </ItemGroup>
  <ItemGroup>
    <None Include="ThirdParty\DirectXTK\Inc\SimpleMath.inl">
      <Filter>헤더 파일</Filter>
    </None>
    <None Include="ThirdParty\DirectXTK\Src\Shaders\Common.fxh" />
    <None Include="ThirdParty\DirectXTK\Src\Shaders\CompileShaders.cmd" />
    <None Include="ThirdParty\DirectXTK\Src\Shaders\Lighting.fxh" />
    <None Include="ThirdParty\DirectXTK\Src\Shaders\PBRCommon.fxh" />
    <None Include="ThirdParty\DirectXTK\Src\Shaders\PixelPacking_Velocity.hlsli" />
    <None Include="ThirdParty\DirectXTK\Src\Shaders\Skinning.fxh" />
    <None Include="ThirdParty\DirectXTK\Src\Shaders\Structures.fxh" />
    <None Include="ThirdParty\DirectXTK\Src\Shaders\Utilities.fxh" />
    <None Include="ThirdParty\DirectXTK\Src\Shaders\Compiled\SpriteEffect_SpritePixelShader.inc">
      <Filter>헤더 파일</Filter>
    </None>
    <None Include="ThirdParty\DirectXTK\Src\Shaders\Compiled\SpriteEffect_SpriteVertexShader.inc">
      <Filter>헤더 파일</Filter>
    </None>
  </ItemGroup>
</Project>